{
  "requires": true,
  "lockfileVersion": 1,
  "dependencies": {
    "textures": {
      "version": "1.2.0",
      "resolved": "https://registry.npmjs.org/textures/-/textures-1.2.0.tgz",
      "integrity": "sha512-LZMoRuqJa2orHW36rZIQcqAJ22EBv5aJQ0zoTlicWA2W2O8Ri3g6hypu9g2mgh3Va5e3zgAeOxNtmt85EoWbxw=="
    }
  }
}
